
Microsoft Visual Studio Solution File, Format Version 12.00
# Visual Studio 15
VisualStudioVersion = 15.0.27428.2011
MinimumVisualStudioVersion = 10.0.40219.1
Project("{FAE04EC0-301F-11D3-BF4B-00C04F79EFBC}") = "Schedule", "Schedule\Schedule.csproj", "{34590E9F-F4AE-44CC-A3FE-4856B6E0FA94}"
EndProject
Global
	GlobalSection(SolutionConfigurationPlatforms) = preSolution
		Debug|Any CPU = Debug|Any CPU
		Release|Any CPU = Release|Any CPU
	EndGlobalSection
	GlobalSection(ProjectConfigurationPlatforms) = postSolution
		{34590E9F-F4AE-44CC-A3FE-4856B6E0FA94}.Debug|Any CPU.ActiveCfg = Release|Any CPU
		{34590E9F-F4AE-44CC-A3FE-4856B6E0FA94}.Debug|Any CPU.Build.0 = Release|Any CPU
		{34590E9F-F4AE-44CC-A3FE-4856B6E0FA94}.Release|Any CPU.ActiveCfg = Release|Any CPU
		{34590E9F-F4AE-44CC-A3FE-4856B6E0FA94}.Release|Any CPU.Build.0 = Release|Any CPU
	EndGlobalSection
	GlobalSection(SolutionProperties) = preSolution
		HideSolutionNode = FALSE
	EndGlobalSection
	GlobalSection(ExtensibilityGlobals) = postSolution
		SolutionGuid = {C0DEC1BE-E40E-463E-9424-7B9CF82AC22C}
	EndGlobalSection
EndGlobal
